// !$*UTF8*$!
{
	archiveVersion = 1;
	classes = {
	};
	objectVersion = 48;
	objects = {

/* Begin PBXBuildFile section */
		3A0310CD2045FA1200514F86 /* CastViewCell.swift in Sources */ = {isa = PBXBuildFile; fileRef = 3A0310CC2045FA1200514F86 /* CastViewCell.swift */; };
		3A09FED1205991770020259A /* OMMovie.m in Sources */ = {isa = PBXBuildFile; fileRef = 3A09FED0205991770020259A /* OMMovie.m */; };
		3A0AA62C2055C3CB00427E2E /* FavoriteTVShows.swift in Sources */ = {isa = PBXBuildFile; fileRef = 3A0AA62B2055C3CB00427E2E /* FavoriteTVShows.swift */; };
		3A0AA62E2055C44A00427E2E /* FavoriteTVShows+CoreDataProperties.swift in Sources */ = {isa = PBXBuildFile; fileRef = 3A0AA62D2055C44A00427E2E /* FavoriteTVShows+CoreDataProperties.swift */; };
		3A188CAA205944C90090CC4C /* MovieCreditsViewCell.swift in Sources */ = {isa = PBXBuildFile; fileRef = 3A188CA9205944C90090CC4C /* MovieCreditsViewCell.swift */; };
		3A1BAAE6203CAEF1008E7B1D /* TVShowViewCell.swift in Sources */ = {isa = PBXBuildFile; fileRef = 3A1BAAE5203CAEF1008E7B1D /* TVShowViewCell.swift */; };
		3A1D69512050104F004FD96D /* MapViewController.swift in Sources */ = {isa = PBXBuildFile; fileRef = 3A1D69502050104F004FD96D /* MapViewController.swift */; };
		3A1D69532050105A004FD96D /* CinemaPin.swift in Sources */ = {isa = PBXBuildFile; fileRef = 3A1D69522050105A004FD96D /* CinemaPin.swift */; };
		3A1D695520501061004FD96D /* CinemaLocations.swift in Sources */ = {isa = PBXBuildFile; fileRef = 3A1D695420501061004FD96D /* CinemaLocations.swift */; };
		3A1D695720501068004FD96D /* NearbyCinemas.swift in Sources */ = {isa = PBXBuildFile; fileRef = 3A1D695620501068004FD96D /* NearbyCinemas.swift */; };
		3A1DE6AD2059A93B00375D43 /* OMTVShow.m in Sources */ = {isa = PBXBuildFile; fileRef = 3A1DE6AC2059A93B00375D43 /* OMTVShow.m */; };
		3A1DE6B02059AB9E00375D43 /* OMMovieDetails.m in Sources */ = {isa = PBXBuildFile; fileRef = 3A1DE6AF2059AB9E00375D43 /* OMMovieDetails.m */; };
		3A20243B205709FA00EAA625 /* FavoriteViewCell.swift in Sources */ = {isa = PBXBuildFile; fileRef = 3A20243A205709FA00EAA625 /* FavoriteViewCell.swift */; };
		3A21BB63204B1A07005BF434 /* TrailerViewController.swift in Sources */ = {isa = PBXBuildFile; fileRef = 3A21BB62204B1A07005BF434 /* TrailerViewController.swift */; };
		3A2220FD2059F48300EC7A49 /* OMTVShowDetails.m in Sources */ = {isa = PBXBuildFile; fileRef = 3A2220FC2059F48300EC7A49 /* OMTVShowDetails.m */; };
		3A2E7DCE20546BC60039D272 /* FavoriteMovies.swift in Sources */ = {isa = PBXBuildFile; fileRef = 3A2E7DCD20546BC60039D272 /* FavoriteMovies.swift */; };
		3A2E7DD020546C730039D272 /* FavoriteMovies+CoreDataProperties.swift in Sources */ = {isa = PBXBuildFile; fileRef = 3A2E7DCF20546C730039D272 /* FavoriteMovies+CoreDataProperties.swift */; };
		3A2E7DD220546D5A0039D272 /* CoreDataStack.swift in Sources */ = {isa = PBXBuildFile; fileRef = 3A2E7DD120546D5A0039D272 /* CoreDataStack.swift */; };
		3A38AECA20305D8300E753DF /* MoviesViewController.swift in Sources */ = {isa = PBXBuildFile; fileRef = 3A38AEC920305D8300E753DF /* MoviesViewController.swift */; };
		3A38AECE20305E3500E753DF /* TVShowsViewController.swift in Sources */ = {isa = PBXBuildFile; fileRef = 3A38AECD20305E3500E753DF /* TVShowsViewController.swift */; };
		3A38AED020305E5500E753DF /* PeopleViewController.swift in Sources */ = {isa = PBXBuildFile; fileRef = 3A38AECF20305E5500E753DF /* PeopleViewController.swift */; };
		3A3AC574205EE2AA00D592D1 /* RHActor.m in Sources */ = {isa = PBXBuildFile; fileRef = 3A3AC573205EE2AA00D592D1 /* RHActor.m */; };
		3A3AC577205EE57500D592D1 /* RHActorDetails.m in Sources */ = {isa = PBXBuildFile; fileRef = 3A3AC576205EE57500D592D1 /* RHActorDetails.m */; };
		3A443BA6204041F900BEC2D7 /* TVShowDetailViewController.swift in Sources */ = {isa = PBXBuildFile; fileRef = 3A443BA5204041F900BEC2D7 /* TVShowDetailViewController.swift */; };
		3A58CDBA2051BF5600909F7F /* Favorites.xcdatamodeld in Sources */ = {isa = PBXBuildFile; fileRef = 3A58CDB82051BF5600909F7F /* Favorites.xcdatamodeld */; };
		3A58CDBC2051C16200909F7F /* Favorites.swift in Sources */ = {isa = PBXBuildFile; fileRef = 3A58CDBB2051C16200909F7F /* Favorites.swift */; };
		3A59DF822030BEF90097E327 /* RHActor.swift in Sources */ = {isa = PBXBuildFile; fileRef = 3A59DF812030BEF90097E327 /* RHActor.swift */; };
		3A59DF842030BF680097E327 /* ActorDetails.swift in Sources */ = {isa = PBXBuildFile; fileRef = 3A59DF832030BF680097E327 /* ActorDetails.swift */; };
		3A59DF862030BFB80097E327 /* Movie.swift in Sources */ = {isa = PBXBuildFile; fileRef = 3A59DF852030BFB80097E327 /* Movie.swift */; };
		3A59DF882030BFE10097E327 /* MovieDetails.swift in Sources */ = {isa = PBXBuildFile; fileRef = 3A59DF872030BFE10097E327 /* MovieDetails.swift */; };
		3A59DF8A2030C00D0097E327 /* TVShow.swift in Sources */ = {isa = PBXBuildFile; fileRef = 3A59DF892030C00D0097E327 /* TVShow.swift */; };
		3A59DF8C2030C0350097E327 /* TVShowDetails.swift in Sources */ = {isa = PBXBuildFile; fileRef = 3A59DF8B2030C0350097E327 /* TVShowDetails.swift */; };
		3A6F9C942035EE3300FDC421 /* MovieViewCell.swift in Sources */ = {isa = PBXBuildFile; fileRef = 3A6F9C932035EE3300FDC421 /* MovieViewCell.swift */; };
		3A7723192030DA7E007CB714 /* MovieRepository.swift in Sources */ = {isa = PBXBuildFile; fileRef = 3A7723182030DA7E007CB714 /* MovieRepository.swift */; };
		3A7EE732203222620005BEC8 /* MovieDatabaseRepository.swift in Sources */ = {isa = PBXBuildFile; fileRef = 3A7EE731203222620005BEC8 /* MovieDatabaseRepository.swift */; };
		3A80B63E202F679400DD731E /* AppDelegate.swift in Sources */ = {isa = PBXBuildFile; fileRef = 3A80B63D202F679400DD731E /* AppDelegate.swift */; };
		3A80B640202F679400DD731E /* ViewController.swift in Sources */ = {isa = PBXBuildFile; fileRef = 3A80B63F202F679400DD731E /* ViewController.swift */; };
		3A80B643202F679400DD731E /* Main.storyboard in Resources */ = {isa = PBXBuildFile; fileRef = 3A80B641202F679400DD731E /* Main.storyboard */; };
		3A80B645202F679400DD731E /* Assets.xcassets in Resources */ = {isa = PBXBuildFile; fileRef = 3A80B644202F679400DD731E /* Assets.xcassets */; };
		3A80B648202F679400DD731E /* LaunchScreen.storyboard in Resources */ = {isa = PBXBuildFile; fileRef = 3A80B646202F679400DD731E /* LaunchScreen.storyboard */; };
		3A856B78203CFF77006F47A3 /* Filters.swift in Sources */ = {isa = PBXBuildFile; fileRef = 3A856B77203CFF77006F47A3 /* Filters.swift */; };
		3A8A1397203444A800D022FE /* PeopleViewCell.swift in Sources */ = {isa = PBXBuildFile; fileRef = 3A8A1396203444A800D022FE /* PeopleViewCell.swift */; };
		3A8AAAC320308BD600C63DB5 /* Utils.swift in Sources */ = {isa = PBXBuildFile; fileRef = 3A8AAAC220308BD600C63DB5 /* Utils.swift */; };
		3AB2923B2059795E00A6508E /* TVShowCreditsViewCell.swift in Sources */ = {isa = PBXBuildFile; fileRef = 3AB2923A2059795E00A6508E /* TVShowCreditsViewCell.swift */; };
		3AB3ED9520560FAF004E2893 /* FavoritesViewController.swift in Sources */ = {isa = PBXBuildFile; fileRef = 3AB3ED9420560FAF004E2893 /* FavoritesViewController.swift */; };
		3AB4C3CD203E04BA00C9E992 /* MovieDetailViewController.swift in Sources */ = {isa = PBXBuildFile; fileRef = 3AB4C3CC203E04BA00C9E992 /* MovieDetailViewController.swift */; };
		3AC673682046BCE900D26B9F /* BaseViewController.swift in Sources */ = {isa = PBXBuildFile; fileRef = 3AC673672046BCE900D26B9F /* BaseViewController.swift */; };
		3AC6736E2046C11D00D26B9F /* MenuViewController.swift in Sources */ = {isa = PBXBuildFile; fileRef = 3AC6736D2046C11D00D26B9F /* MenuViewController.swift */; };
		3AD0FDFF204C843600E25467 /* Localizable.strings in Resources */ = {isa = PBXBuildFile; fileRef = 3AD0FDFE204C843600E25467 /* Localizable.strings */; };
		3AE30DD12045C27B006C3E04 /* RAMBounceAnimation.swift in Sources */ = {isa = PBXBuildFile; fileRef = 3AE30DD02045C27B006C3E04 /* RAMBounceAnimation.swift */; };
		3AF9E951203CC064003B9011 /* PeopleDetailViewController.swift in Sources */ = {isa = PBXBuildFile; fileRef = 3AF9E950203CC064003B9011 /* PeopleDetailViewController.swift */; };
		F5352286DCE02D743DE3897E /* Pods_VideoLibrary.framework in Frameworks */ = {isa = PBXBuildFile; fileRef = 007DCA01D19A3FD5BAA4E23E /* Pods_VideoLibrary.framework */; };
/* End PBXBuildFile section */

/* Begin PBXFileReference section */
		007DCA01D19A3FD5BAA4E23E /* Pods_VideoLibrary.framework */ = {isa = PBXFileReference; explicitFileType = wrapper.framework; includeInIndex = 0; path = Pods_VideoLibrary.framework; sourceTree = BUILT_PRODUCTS_DIR; };
		3A0310CC2045FA1200514F86 /* CastViewCell.swift */ = {isa = PBXFileReference; lastKnownFileType = sourcecode.swift; path = CastViewCell.swift; sourceTree = "<group>"; };
		3A09FECE205991770020259A /* VideoLibrary-Bridging-Header.h */ = {isa = PBXFileReference; lastKnownFileType = sourcecode.c.h; path = "VideoLibrary-Bridging-Header.h"; sourceTree = "<group>"; };
		3A09FECF205991770020259A /* OMMovie.h */ = {isa = PBXFileReference; lastKnownFileType = sourcecode.c.h; path = OMMovie.h; sourceTree = "<group>"; };
		3A09FED0205991770020259A /* OMMovie.m */ = {isa = PBXFileReference; lastKnownFileType = sourcecode.c.objc; path = OMMovie.m; sourceTree = "<group>"; };
		3A0AA62B2055C3CB00427E2E /* FavoriteTVShows.swift */ = {isa = PBXFileReference; lastKnownFileType = sourcecode.swift; path = FavoriteTVShows.swift; sourceTree = "<group>"; };
		3A0AA62D2055C44A00427E2E /* FavoriteTVShows+CoreDataProperties.swift */ = {isa = PBXFileReference; lastKnownFileType = sourcecode.swift; path = "FavoriteTVShows+CoreDataProperties.swift"; sourceTree = "<group>"; };
		3A188CA9205944C90090CC4C /* MovieCreditsViewCell.swift */ = {isa = PBXFileReference; lastKnownFileType = sourcecode.swift; path = MovieCreditsViewCell.swift; sourceTree = "<group>"; };
		3A1BAAE5203CAEF1008E7B1D /* TVShowViewCell.swift */ = {isa = PBXFileReference; lastKnownFileType = sourcecode.swift; path = TVShowViewCell.swift; sourceTree = "<group>"; };
		3A1D69502050104F004FD96D /* MapViewController.swift */ = {isa = PBXFileReference; fileEncoding = 4; lastKnownFileType = sourcecode.swift; path = MapViewController.swift; sourceTree = "<group>"; };
		3A1D69522050105A004FD96D /* CinemaPin.swift */ = {isa = PBXFileReference; fileEncoding = 4; lastKnownFileType = sourcecode.swift; path = CinemaPin.swift; sourceTree = "<group>"; };
		3A1D695420501061004FD96D /* CinemaLocations.swift */ = {isa = PBXFileReference; fileEncoding = 4; lastKnownFileType = sourcecode.swift; path = CinemaLocations.swift; sourceTree = "<group>"; };
		3A1D695620501068004FD96D /* NearbyCinemas.swift */ = {isa = PBXFileReference; fileEncoding = 4; lastKnownFileType = sourcecode.swift; path = NearbyCinemas.swift; sourceTree = "<group>"; };
		3A1DE6AB2059A93B00375D43 /* OMTVShow.h */ = {isa = PBXFileReference; lastKnownFileType = sourcecode.c.h; path = OMTVShow.h; sourceTree = "<group>"; };
		3A1DE6AC2059A93B00375D43 /* OMTVShow.m */ = {isa = PBXFileReference; lastKnownFileType = sourcecode.c.objc; path = OMTVShow.m; sourceTree = "<group>"; };
		3A1DE6AE2059AB9E00375D43 /* OMMovieDetails.h */ = {isa = PBXFileReference; lastKnownFileType = sourcecode.c.h; path = OMMovieDetails.h; sourceTree = "<group>"; };
		3A1DE6AF2059AB9E00375D43 /* OMMovieDetails.m */ = {isa = PBXFileReference; lastKnownFileType = sourcecode.c.objc; path = OMMovieDetails.m; sourceTree = "<group>"; };
		3A20243A205709FA00EAA625 /* FavoriteViewCell.swift */ = {isa = PBXFileReference; lastKnownFileType = sourcecode.swift; path = FavoriteViewCell.swift; sourceTree = "<group>"; };
		3A21BB62204B1A07005BF434 /* TrailerViewController.swift */ = {isa = PBXFileReference; lastKnownFileType = sourcecode.swift; path = TrailerViewController.swift; sourceTree = "<group>"; };
		3A2220FB2059F48300EC7A49 /* OMTVShowDetails.h */ = {isa = PBXFileReference; lastKnownFileType = sourcecode.c.h; path = OMTVShowDetails.h; sourceTree = "<group>"; };
		3A2220FC2059F48300EC7A49 /* OMTVShowDetails.m */ = {isa = PBXFileReference; lastKnownFileType = sourcecode.c.objc; path = OMTVShowDetails.m; sourceTree = "<group>"; };
		3A2E7DCD20546BC60039D272 /* FavoriteMovies.swift */ = {isa = PBXFileReference; lastKnownFileType = sourcecode.swift; path = FavoriteMovies.swift; sourceTree = "<group>"; };
		3A2E7DCF20546C730039D272 /* FavoriteMovies+CoreDataProperties.swift */ = {isa = PBXFileReference; lastKnownFileType = sourcecode.swift; path = "FavoriteMovies+CoreDataProperties.swift"; sourceTree = "<group>"; };
		3A2E7DD120546D5A0039D272 /* CoreDataStack.swift */ = {isa = PBXFileReference; lastKnownFileType = sourcecode.swift; path = CoreDataStack.swift; sourceTree = "<group>"; };
		3A38AEC920305D8300E753DF /* MoviesViewController.swift */ = {isa = PBXFileReference; lastKnownFileType = sourcecode.swift; path = MoviesViewController.swift; sourceTree = "<group>"; };
		3A38AECD20305E3500E753DF /* TVShowsViewController.swift */ = {isa = PBXFileReference; lastKnownFileType = sourcecode.swift; path = TVShowsViewController.swift; sourceTree = "<group>"; };
		3A38AECF20305E5500E753DF /* PeopleViewController.swift */ = {isa = PBXFileReference; lastKnownFileType = sourcecode.swift; path = PeopleViewController.swift; sourceTree = "<group>"; };
		3A3AC572205EDC6800D592D1 /* RHActor.h */ = {isa = PBXFileReference; lastKnownFileType = sourcecode.c.h; path = RHActor.h; sourceTree = "<group>"; };
		3A3AC573205EE2AA00D592D1 /* RHActor.m */ = {isa = PBXFileReference; lastKnownFileType = sourcecode.c.objc; path = RHActor.m; sourceTree = "<group>"; };
		3A3AC575205EE38A00D592D1 /* RHActorDetails.h */ = {isa = PBXFileReference; lastKnownFileType = sourcecode.c.h; path = RHActorDetails.h; sourceTree = "<group>"; };
		3A3AC576205EE57500D592D1 /* RHActorDetails.m */ = {isa = PBXFileReference; lastKnownFileType = sourcecode.c.objc; path = RHActorDetails.m; sourceTree = "<group>"; };
		3A443BA5204041F900BEC2D7 /* TVShowDetailViewController.swift */ = {isa = PBXFileReference; lastKnownFileType = sourcecode.swift; path = TVShowDetailViewController.swift; sourceTree = "<group>"; };
		3A58CDB92051BF5600909F7F /* Favorites.xcdatamodel */ = {isa = PBXFileReference; lastKnownFileType = wrapper.xcdatamodel; path = Favorites.xcdatamodel; sourceTree = "<group>"; };
		3A58CDBB2051C16200909F7F /* Favorites.swift */ = {isa = PBXFileReference; lastKnownFileType = sourcecode.swift; name = Favorites.swift; path = VideoLibrary/Persistance/Favorites.swift; sourceTree = SOURCE_ROOT; };
		3A59DF812030BEF90097E327 /* RHActor.swift */ = {isa = PBXFileReference; lastKnownFileType = sourcecode.swift; path = RHActor.swift; sourceTree = "<group>"; };
		3A59DF832030BF680097E327 /* ActorDetails.swift */ = {isa = PBXFileReference; lastKnownFileType = sourcecode.swift; path = ActorDetails.swift; sourceTree = "<group>"; };
		3A59DF852030BFB80097E327 /* Movie.swift */ = {isa = PBXFileReference; lastKnownFileType = sourcecode.swift; path = Movie.swift; sourceTree = "<group>"; };
		3A59DF872030BFE10097E327 /* MovieDetails.swift */ = {isa = PBXFileReference; lastKnownFileType = sourcecode.swift; path = MovieDetails.swift; sourceTree = "<group>"; };
		3A59DF892030C00D0097E327 /* TVShow.swift */ = {isa = PBXFileReference; lastKnownFileType = sourcecode.swift; path = TVShow.swift; sourceTree = "<group>"; };
		3A59DF8B2030C0350097E327 /* TVShowDetails.swift */ = {isa = PBXFileReference; lastKnownFileType = sourcecode.swift; path = TVShowDetails.swift; sourceTree = "<group>"; };
		3A6F9C932035EE3300FDC421 /* MovieViewCell.swift */ = {isa = PBXFileReference; lastKnownFileType = sourcecode.swift; path = MovieViewCell.swift; sourceTree = "<group>"; };
		3A7723182030DA7E007CB714 /* MovieRepository.swift */ = {isa = PBXFileReference; lastKnownFileType = sourcecode.swift; path = MovieRepository.swift; sourceTree = "<group>"; };
		3A7EE731203222620005BEC8 /* MovieDatabaseRepository.swift */ = {isa = PBXFileReference; lastKnownFileType = sourcecode.swift; path = MovieDatabaseRepository.swift; sourceTree = "<group>"; };
		3A80B63A202F679400DD731E /* VideoLibrary.app */ = {isa = PBXFileReference; explicitFileType = wrapper.application; includeInIndex = 0; path = VideoLibrary.app; sourceTree = BUILT_PRODUCTS_DIR; };
		3A80B63D202F679400DD731E /* AppDelegate.swift */ = {isa = PBXFileReference; lastKnownFileType = sourcecode.swift; path = AppDelegate.swift; sourceTree = "<group>"; };
		3A80B63F202F679400DD731E /* ViewController.swift */ = {isa = PBXFileReference; lastKnownFileType = sourcecode.swift; path = ViewController.swift; sourceTree = "<group>"; };
		3A80B642202F679400DD731E /* Base */ = {isa = PBXFileReference; lastKnownFileType = file.storyboard; name = Base; path = Base.lproj/Main.storyboard; sourceTree = "<group>"; };
		3A80B644202F679400DD731E /* Assets.xcassets */ = {isa = PBXFileReference; lastKnownFileType = folder.assetcatalog; path = Assets.xcassets; sourceTree = "<group>"; };
		3A80B647202F679400DD731E /* Base */ = {isa = PBXFileReference; lastKnownFileType = file.storyboard; name = Base; path = Base.lproj/LaunchScreen.storyboard; sourceTree = "<group>"; };
		3A80B649202F679400DD731E /* Info.plist */ = {isa = PBXFileReference; lastKnownFileType = text.plist.xml; path = Info.plist; sourceTree = "<group>"; };
		3A856B77203CFF77006F47A3 /* Filters.swift */ = {isa = PBXFileReference; lastKnownFileType = sourcecode.swift; path = Filters.swift; sourceTree = "<group>"; };
		3A8A1396203444A800D022FE /* PeopleViewCell.swift */ = {isa = PBXFileReference; lastKnownFileType = sourcecode.swift; path = PeopleViewCell.swift; sourceTree = "<group>"; };
		3A8AAAC220308BD600C63DB5 /* Utils.swift */ = {isa = PBXFileReference; lastKnownFileType = sourcecode.swift; path = Utils.swift; sourceTree = "<group>"; };
		3AB2923A2059795E00A6508E /* TVShowCreditsViewCell.swift */ = {isa = PBXFileReference; lastKnownFileType = sourcecode.swift; path = TVShowCreditsViewCell.swift; sourceTree = "<group>"; };
		3AB3ED9420560FAF004E2893 /* FavoritesViewController.swift */ = {isa = PBXFileReference; lastKnownFileType = sourcecode.swift; path = FavoritesViewController.swift; sourceTree = "<group>"; };
		3AB4C3CC203E04BA00C9E992 /* MovieDetailViewController.swift */ = {isa = PBXFileReference; lastKnownFileType = sourcecode.swift; path = MovieDetailViewController.swift; sourceTree = "<group>"; };
		3AC673672046BCE900D26B9F /* BaseViewController.swift */ = {isa = PBXFileReference; fileEncoding = 4; lastKnownFileType = sourcecode.swift; path = BaseViewController.swift; sourceTree = "<group>"; };
		3AC6736D2046C11D00D26B9F /* MenuViewController.swift */ = {isa = PBXFileReference; lastKnownFileType = sourcecode.swift; path = MenuViewController.swift; sourceTree = "<group>"; };
		3AD0FDFE204C843600E25467 /* Localizable.strings */ = {isa = PBXFileReference; lastKnownFileType = text.plist.strings; name = Localizable.strings; path = VideoLibrary/Localization/Localizable.strings; sourceTree = SOURCE_ROOT; };
		3AE30DD02045C27B006C3E04 /* RAMBounceAnimation.swift */ = {isa = PBXFileReference; lastKnownFileType = sourcecode.swift; path = RAMBounceAnimation.swift; sourceTree = "<group>"; };
		3AF9E950203CC064003B9011 /* PeopleDetailViewController.swift */ = {isa = PBXFileReference; fileEncoding = 4; lastKnownFileType = sourcecode.swift; path = PeopleDetailViewController.swift; sourceTree = "<group>"; };
		8FE4C8167B934B745FB8FC8C /* Pods-VideoLibrary.release.xcconfig */ = {isa = PBXFileReference; includeInIndex = 1; lastKnownFileType = text.xcconfig; name = "Pods-VideoLibrary.release.xcconfig"; path = "Pods/Target Support Files/Pods-VideoLibrary/Pods-VideoLibrary.release.xcconfig"; sourceTree = "<group>"; };
		9BF94C5775625E493CA4B7CE /* Pods-VideoLibrary.debug.xcconfig */ = {isa = PBXFileReference; includeInIndex = 1; lastKnownFileType = text.xcconfig; name = "Pods-VideoLibrary.debug.xcconfig"; path = "Pods/Target Support Files/Pods-VideoLibrary/Pods-VideoLibrary.debug.xcconfig"; sourceTree = "<group>"; };
/* End PBXFileReference section */

/* Begin PBXFrameworksBuildPhase section */
		3A80B637202F679400DD731E /* Frameworks */ = {
			isa = PBXFrameworksBuildPhase;
			buildActionMask = 2147483647;
			files = (
				F5352286DCE02D743DE3897E /* Pods_VideoLibrary.framework in Frameworks */,
			);
			runOnlyForDeploymentPostprocessing = 0;
		};
/* End PBXFrameworksBuildPhase section */

/* Begin PBXGroup section */
		3A2024392057098300EAA625 /* ViewCells */ = {
			isa = PBXGroup;
			children = (
				3A6F9C932035EE3300FDC421 /* MovieViewCell.swift */,
				3A0310CC2045FA1200514F86 /* CastViewCell.swift */,
				3A1BAAE5203CAEF1008E7B1D /* TVShowViewCell.swift */,
				3A8A1396203444A800D022FE /* PeopleViewCell.swift */,
				3A20243A205709FA00EAA625 /* FavoriteViewCell.swift */,
			);
			path = ViewCells;
			sourceTree = "<group>";
		};
		3A58CDBD2051C60C00909F7F /* Persistance */ = {
			isa = PBXGroup;
			children = (
				3A58CDBB2051C16200909F7F /* Favorites.swift */,
				3A2E7DCD20546BC60039D272 /* FavoriteMovies.swift */,
				3A2E7DCF20546C730039D272 /* FavoriteMovies+CoreDataProperties.swift */,
				3A2E7DD120546D5A0039D272 /* CoreDataStack.swift */,
				3A0AA62B2055C3CB00427E2E /* FavoriteTVShows.swift */,
				3A0AA62D2055C44A00427E2E /* FavoriteTVShows+CoreDataProperties.swift */,
			);
			path = Persistance;
			sourceTree = "<group>";
		};
		3A58CDBE2051C61C00909F7F /* Localization */ = {
			isa = PBXGroup;
			children = (
				3AD0FDFE204C843600E25467 /* Localizable.strings */,
			);
			path = Localization;
			sourceTree = "<group>";
		};
		3A80B631202F679400DD731E = {
			isa = PBXGroup;
			children = (
				3A80B63C202F679400DD731E /* VideoLibrary */,
				3A80B63B202F679400DD731E /* Products */,
				7853BAB244598D6BB773D960 /* Pods */,
				CEA589E3CD12DD651FC7AF7C /* Frameworks */,
			);
			sourceTree = "<group>";
		};
		3A80B63B202F679400DD731E /* Products */ = {
			isa = PBXGroup;
			children = (
				3A80B63A202F679400DD731E /* VideoLibrary.app */,
			);
			name = Products;
			sourceTree = "<group>";
		};
		3A80B63C202F679400DD731E /* VideoLibrary */ = {
			isa = PBXGroup;
			children = (
				3A58CDBE2051C61C00909F7F /* Localization */,
				3A58CDBD2051C60C00909F7F /* Persistance */,
				3AB67B71202F867500040206 /* Resources */,
				3AB67B70202F864800040206 /* Utils */,
				3AB67B6F202F864100040206 /* Network */,
				3AB67B6E202F863C00040206 /* Models */,
				3AB67B6D202F863600040206 /* Controllers */,
				3AB67B6C202F862E00040206 /* Views */,
				3A80B63D202F679400DD731E /* AppDelegate.swift */,
				3A80B649202F679400DD731E /* Info.plist */,
				3A58CDB82051BF5600909F7F /* Favorites.xcdatamodeld */,
			);
			path = VideoLibrary;
			sourceTree = "<group>";
		};
		3AB67B6C202F862E00040206 /* Views */ = {
			isa = PBXGroup;
			children = (
				3A80B646202F679400DD731E /* LaunchScreen.storyboard */,
				3A80B641202F679400DD731E /* Main.storyboard */,
			);
			path = Views;
			sourceTree = "<group>";
		};
		3AB67B6D202F863600040206 /* Controllers */ = {
			isa = PBXGroup;
			children = (
				3A2024392057098300EAA625 /* ViewCells */,
				3A1D69502050104F004FD96D /* MapViewController.swift */,
				3AC673672046BCE900D26B9F /* BaseViewController.swift */,
				3A80B63F202F679400DD731E /* ViewController.swift */,
				3A38AEC920305D8300E753DF /* MoviesViewController.swift */,
				3A38AECD20305E3500E753DF /* TVShowsViewController.swift */,
				3A38AECF20305E5500E753DF /* PeopleViewController.swift */,
				3AF9E950203CC064003B9011 /* PeopleDetailViewController.swift */,
				3A856B77203CFF77006F47A3 /* Filters.swift */,
				3AB4C3CC203E04BA00C9E992 /* MovieDetailViewController.swift */,
				3A443BA5204041F900BEC2D7 /* TVShowDetailViewController.swift */,
				3AC6736D2046C11D00D26B9F /* MenuViewController.swift */,
				3A21BB62204B1A07005BF434 /* TrailerViewController.swift */,
				3AB3ED9420560FAF004E2893 /* FavoritesViewController.swift */,
				3A188CA9205944C90090CC4C /* MovieCreditsViewCell.swift */,
				3AB2923A2059795E00A6508E /* TVShowCreditsViewCell.swift */,
			);
			path = Controllers;
			sourceTree = "<group>";
		};
		3AB67B6E202F863C00040206 /* Models */ = {
			isa = PBXGroup;
			children = (
				3A1D69522050105A004FD96D /* CinemaPin.swift */,
				3A59DF812030BEF90097E327 /* RHActor.swift */,
				3A59DF832030BF680097E327 /* ActorDetails.swift */,
				3A59DF852030BFB80097E327 /* Movie.swift */,
				3A59DF872030BFE10097E327 /* MovieDetails.swift */,
				3A59DF892030C00D0097E327 /* TVShow.swift */,
				3A59DF8B2030C0350097E327 /* TVShowDetails.swift */,
				3A09FECE205991770020259A /* VideoLibrary-Bridging-Header.h */,
				3A09FECF205991770020259A /* OMMovie.h */,
				3A09FED0205991770020259A /* OMMovie.m */,
				3A1DE6AB2059A93B00375D43 /* OMTVShow.h */,
				3A1DE6AC2059A93B00375D43 /* OMTVShow.m */,
				3A3AC572205EDC6800D592D1 /* RHActor.h */,
				3A3AC573205EE2AA00D592D1 /* RHActor.m */,
				3A1DE6AE2059AB9E00375D43 /* OMMovieDetails.h */,
				3A1DE6AF2059AB9E00375D43 /* OMMovieDetails.m */,
				3A2220FB2059F48300EC7A49 /* OMTVShowDetails.h */,
				3A2220FC2059F48300EC7A49 /* OMTVShowDetails.m */,
				3A3AC575205EE38A00D592D1 /* RHActorDetails.h */,
				3A3AC576205EE57500D592D1 /* RHActorDetails.m */,
			);
			path = Models;
			sourceTree = "<group>";
		};
		3AB67B6F202F864100040206 /* Network */ = {
			isa = PBXGroup;
			children = (
				3A1D695620501068004FD96D /* NearbyCinemas.swift */,
				3A1D695420501061004FD96D /* CinemaLocations.swift */,
				3A7723182030DA7E007CB714 /* MovieRepository.swift */,
				3A7EE731203222620005BEC8 /* MovieDatabaseRepository.swift */,
			);
			path = Network;
			sourceTree = "<group>";
		};
		3AB67B70202F864800040206 /* Utils */ = {
			isa = PBXGroup;
			children = (
				3A8AAAC220308BD600C63DB5 /* Utils.swift */,
				3AE30DD02045C27B006C3E04 /* RAMBounceAnimation.swift */,
			);
			path = Utils;
			sourceTree = "<group>";
		};
		3AB67B71202F867500040206 /* Resources */ = {
			isa = PBXGroup;
			children = (
				3A80B644202F679400DD731E /* Assets.xcassets */,
			);
			path = Resources;
			sourceTree = "<group>";
		};
		7853BAB244598D6BB773D960 /* Pods */ = {
			isa = PBXGroup;
			children = (
				9BF94C5775625E493CA4B7CE /* Pods-VideoLibrary.debug.xcconfig */,
				8FE4C8167B934B745FB8FC8C /* Pods-VideoLibrary.release.xcconfig */,
			);
			name = Pods;
			sourceTree = "<group>";
		};
		CEA589E3CD12DD651FC7AF7C /* Frameworks */ = {
			isa = PBXGroup;
			children = (
				007DCA01D19A3FD5BAA4E23E /* Pods_VideoLibrary.framework */,
			);
			name = Frameworks;
			sourceTree = "<group>";
		};
/* End PBXGroup section */

/* Begin PBXNativeTarget section */
		3A80B639202F679400DD731E /* VideoLibrary */ = {
			isa = PBXNativeTarget;
			buildConfigurationList = 3A80B64C202F679400DD731E /* Build configuration list for PBXNativeTarget "VideoLibrary" */;
			buildPhases = (
				F5BCA776FBED435B5E1A5986 /* [CP] Check Pods Manifest.lock */,
				3A80B636202F679400DD731E /* Sources */,
				3A80B637202F679400DD731E /* Frameworks */,
				3A80B638202F679400DD731E /* Resources */,
				E4AEF77E43757FEBC6A0D0C1 /* [CP] Embed Pods Frameworks */,
				AE84B1E31E10C4A251A00D29 /* [CP] Copy Pods Resources */,
			);
			buildRules = (
			);
			dependencies = (
			);
			name = VideoLibrary;
			productName = VideoLibrary;
			productReference = 3A80B63A202F679400DD731E /* VideoLibrary.app */;
			productType = "com.apple.product-type.application";
		};
/* End PBXNativeTarget section */

/* Begin PBXProject section */
		3A80B632202F679400DD731E /* Project object */ = {
			isa = PBXProject;
			attributes = {
				LastSwiftUpdateCheck = 0920;
				LastUpgradeCheck = 0920;
				ORGANIZATIONNAME = MIMO;
				TargetAttributes = {
					3A80B639202F679400DD731E = {
						CreatedOnToolsVersion = 9.2;
						LastSwiftMigration = 0920;
						ProvisioningStyle = Automatic;
					};
				};
			};
			buildConfigurationList = 3A80B635202F679400DD731E /* Build configuration list for PBXProject "VideoLibrary" */;
			compatibilityVersion = "Xcode 8.0";
			developmentRegion = en;
			hasScannedForEncodings = 0;
			knownRegions = (
				en,
				Base,
			);
			mainGroup = 3A80B631202F679400DD731E;
			productRefGroup = 3A80B63B202F679400DD731E /* Products */;
			projectDirPath = "";
			projectRoot = "";
			targets = (
				3A80B639202F679400DD731E /* VideoLibrary */,
			);
		};
/* End PBXProject section */

/* Begin PBXResourcesBuildPhase section */
		3A80B638202F679400DD731E /* Resources */ = {
			isa = PBXResourcesBuildPhase;
			buildActionMask = 2147483647;
			files = (
				3A80B648202F679400DD731E /* LaunchScreen.storyboard in Resources */,
				3AD0FDFF204C843600E25467 /* Localizable.strings in Resources */,
				3A80B645202F679400DD731E /* Assets.xcassets in Resources */,
				3A80B643202F679400DD731E /* Main.storyboard in Resources */,
			);
			runOnlyForDeploymentPostprocessing = 0;
		};
/* End PBXResourcesBuildPhase section */

/* Begin PBXShellScriptBuildPhase section */
		AE84B1E31E10C4A251A00D29 /* [CP] Copy Pods Resources */ = {
			isa = PBXShellScriptBuildPhase;
			buildActionMask = 2147483647;
			files = (
			);
			inputPaths = (
			);
			name = "[CP] Copy Pods Resources";
			outputPaths = (
			);
			runOnlyForDeploymentPostprocessing = 0;
			shellPath = /bin/sh;
			shellScript = "\"${SRCROOT}/Pods/Target Support Files/Pods-VideoLibrary/Pods-VideoLibrary-resources.sh\"\n";
			showEnvVarsInLog = 0;
		};
		E4AEF77E43757FEBC6A0D0C1 /* [CP] Embed Pods Frameworks */ = {
			isa = PBXShellScriptBuildPhase;
			buildActionMask = 2147483647;
			files = (
			);
			inputPaths = (
				"${SRCROOT}/Pods/Target Support Files/Pods-VideoLibrary/Pods-VideoLibrary-frameworks.sh",
				"${BUILT_PRODUCTS_DIR}/Alamofire/Alamofire.framework",
				"${BUILT_PRODUCTS_DIR}/AlamofireImage/AlamofireImage.framework",
				"${BUILT_PRODUCTS_DIR}/CRRefresh/CRRefresh.framework",
				"${BUILT_PRODUCTS_DIR}/FloatingActionSheetController/FloatingActionSheetController.framework",
				"${BUILT_PRODUCTS_DIR}/RAMAnimatedTabBarController/RAMAnimatedTabBarController.framework",
				"${BUILT_PRODUCTS_DIR}/SwiftyJSON/SwiftyJSON.framework",
				"${BUILT_PRODUCTS_DIR}/UICircularProgressRing/UICircularProgressRing.framework",
			);
			name = "[CP] Embed Pods Frameworks";
			outputPaths = (
				"${TARGET_BUILD_DIR}/${FRAMEWORKS_FOLDER_PATH}/Alamofire.framework",
				"${TARGET_BUILD_DIR}/${FRAMEWORKS_FOLDER_PATH}/AlamofireImage.framework",
				"${TARGET_BUILD_DIR}/${FRAMEWORKS_FOLDER_PATH}/CRRefresh.framework",
				"${TARGET_BUILD_DIR}/${FRAMEWORKS_FOLDER_PATH}/FloatingActionSheetController.framework",
				"${TARGET_BUILD_DIR}/${FRAMEWORKS_FOLDER_PATH}/RAMAnimatedTabBarController.framework",
				"${TARGET_BUILD_DIR}/${FRAMEWORKS_FOLDER_PATH}/SwiftyJSON.framework",
				"${TARGET_BUILD_DIR}/${FRAMEWORKS_FOLDER_PATH}/UICircularProgressRing.framework",
			);
			runOnlyForDeploymentPostprocessing = 0;
			shellPath = /bin/sh;
			shellScript = "\"${SRCROOT}/Pods/Target Support Files/Pods-VideoLibrary/Pods-VideoLibrary-frameworks.sh\"\n";
			showEnvVarsInLog = 0;
		};
		F5BCA776FBED435B5E1A5986 /* [CP] Check Pods Manifest.lock */ = {
			isa = PBXShellScriptBuildPhase;
			buildActionMask = 2147483647;
			files = (
			);
			inputPaths = (
				"${PODS_PODFILE_DIR_PATH}/Podfile.lock",
				"${PODS_ROOT}/Manifest.lock",
			);
			name = "[CP] Check Pods Manifest.lock";
			outputPaths = (
				"$(DERIVED_FILE_DIR)/Pods-VideoLibrary-checkManifestLockResult.txt",
			);
			runOnlyForDeploymentPostprocessing = 0;
			shellPath = /bin/sh;
			shellScript = "diff \"${PODS_PODFILE_DIR_PATH}/Podfile.lock\" \"${PODS_ROOT}/Manifest.lock\" > /dev/null\nif [ $? != 0 ] ; then\n    # print error to STDERR\n    echo \"error: The sandbox is not in sync with the Podfile.lock. Run 'pod install' or update your CocoaPods installation.\" >&2\n    exit 1\nfi\n# This output is used by Xcode 'outputs' to avoid re-running this script phase.\necho \"SUCCESS\" > \"${SCRIPT_OUTPUT_FILE_0}\"\n";
			showEnvVarsInLog = 0;
		};
/* End PBXShellScriptBuildPhase section */

/* Begin PBXSourcesBuildPhase section */
		3A80B636202F679400DD731E /* Sources */ = {
			isa = PBXSourcesBuildPhase;
			buildActionMask = 2147483647;
			files = (
				3A2E7DD220546D5A0039D272 /* CoreDataStack.swift in Sources */,
				3A2220FD2059F48300EC7A49 /* OMTVShowDetails.m in Sources */,
				3A7723192030DA7E007CB714 /* MovieRepository.swift in Sources */,
				3A2E7DCE20546BC60039D272 /* FavoriteMovies.swift in Sources */,
				3A1BAAE6203CAEF1008E7B1D /* TVShowViewCell.swift in Sources */,
				3A38AED020305E5500E753DF /* PeopleViewController.swift in Sources */,
				3A59DF842030BF680097E327 /* ActorDetails.swift in Sources */,
				3AF9E951203CC064003B9011 /* PeopleDetailViewController.swift in Sources */,
				3A2E7DD020546C730039D272 /* FavoriteMovies+CoreDataProperties.swift in Sources */,
				3A1DE6AD2059A93B00375D43 /* OMTVShow.m in Sources */,
				3AC673682046BCE900D26B9F /* BaseViewController.swift in Sources */,
				3A20243B205709FA00EAA625 /* FavoriteViewCell.swift in Sources */,
				3A80B640202F679400DD731E /* ViewController.swift in Sources */,
				3A3AC577205EE57500D592D1 /* RHActorDetails.m in Sources */,
				3AB3ED9520560FAF004E2893 /* FavoritesViewController.swift in Sources */,
				3A80B63E202F679400DD731E /* AppDelegate.swift in Sources */,
				3A3AC574205EE2AA00D592D1 /* RHActor.m in Sources */,
				3A59DF822030BEF90097E327 /* RHActor.swift in Sources */,
				3A38AECA20305D8300E753DF /* MoviesViewController.swift in Sources */,
				3AB2923B2059795E00A6508E /* TVShowCreditsViewCell.swift in Sources */,
				3A856B78203CFF77006F47A3 /* Filters.swift in Sources */,
				3A0AA62C2055C3CB00427E2E /* FavoriteTVShows.swift in Sources */,
				3A59DF862030BFB80097E327 /* Movie.swift in Sources */,
				3A7EE732203222620005BEC8 /* MovieDatabaseRepository.swift in Sources */,
				3A6F9C942035EE3300FDC421 /* MovieViewCell.swift in Sources */,
				3A38AECE20305E3500E753DF /* TVShowsViewController.swift in Sources */,
				3A0310CD2045FA1200514F86 /* CastViewCell.swift in Sources */,
				3AC6736E2046C11D00D26B9F /* MenuViewController.swift in Sources */,
				3A8AAAC320308BD600C63DB5 /* Utils.swift in Sources */,
				3A58CDBA2051BF5600909F7F /* Favorites.xcdatamodeld in Sources */,
				3A443BA6204041F900BEC2D7 /* TVShowDetailViewController.swift in Sources */,
				3A1D69512050104F004FD96D /* MapViewController.swift in Sources */,
				3A59DF8A2030C00D0097E327 /* TVShow.swift in Sources */,
				3A21BB63204B1A07005BF434 /* TrailerViewController.swift in Sources */,
				3A188CAA205944C90090CC4C /* MovieCreditsViewCell.swift in Sources */,
				3A1D69532050105A004FD96D /* CinemaPin.swift in Sources */,
				3AE30DD12045C27B006C3E04 /* RAMBounceAnimation.swift in Sources */,
				3AB4C3CD203E04BA00C9E992 /* MovieDetailViewController.swift in Sources */,
				3A1DE6B02059AB9E00375D43 /* OMMovieDetails.m in Sources */,
				3A09FED1205991770020259A /* OMMovie.m in Sources */,
				3A59DF882030BFE10097E327 /* MovieDetails.swift in Sources */,
				3A1D695520501061004FD96D /* CinemaLocations.swift in Sources */,
				3A59DF8C2030C0350097E327 /* TVShowDetails.swift in Sources */,
				3A58CDBC2051C16200909F7F /* Favorites.swift in Sources */,
				3A8A1397203444A800D022FE /* PeopleViewCell.swift in Sources */,
				3A1D695720501068004FD96D /* NearbyCinemas.swift in Sources */,
				3A0AA62E2055C44A00427E2E /* FavoriteTVShows+CoreDataProperties.swift in Sources */,
			);
			runOnlyForDeploymentPostprocessing = 0;
		};
/* End PBXSourcesBuildPhase section */

/* Begin PBXVariantGroup section */
		3A80B641202F679400DD731E /* Main.storyboard */ = {
			isa = PBXVariantGroup;
			children = (
				3A80B642202F679400DD731E /* Base */,
			);
			name = Main.storyboard;
			sourceTree = "<group>";
			usesTabs = 0;
		};
		3A80B646202F679400DD731E /* LaunchScreen.storyboard */ = {
			isa = PBXVariantGroup;
			children = (
				3A80B647202F679400DD731E /* Base */,
			);
			name = LaunchScreen.storyboard;
			sourceTree = "<group>";
		};
/* End PBXVariantGroup section */

/* Begin XCBuildConfiguration section */
		3A80B64A202F679400DD731E /* Debug */ = {
			isa = XCBuildConfiguration;
			buildSettings = {
				ALWAYS_SEARCH_USER_PATHS = NO;
				CLANG_ANALYZER_NONNULL = YES;
				CLANG_ANALYZER_NUMBER_OBJECT_CONVERSION = YES_AGGRESSIVE;
				CLANG_CXX_LANGUAGE_STANDARD = "gnu++14";
				CLANG_CXX_LIBRARY = "libc++";
				CLANG_ENABLE_MODULES = YES;
				CLANG_ENABLE_OBJC_ARC = YES;
				CLANG_WARN_BLOCK_CAPTURE_AUTORELEASING = YES;
				CLANG_WARN_BOOL_CONVERSION = YES;
				CLANG_WARN_COMMA = YES;
				CLANG_WARN_CONSTANT_CONVERSION = YES;
				CLANG_WARN_DIRECT_OBJC_ISA_USAGE = YES_ERROR;
				CLANG_WARN_DOCUMENTATION_COMMENTS = YES;
				CLANG_WARN_EMPTY_BODY = YES;
				CLANG_WARN_ENUM_CONVERSION = YES;
				CLANG_WARN_INFINITE_RECURSION = YES;
				CLANG_WARN_INT_CONVERSION = YES;
				CLANG_WARN_NON_LITERAL_NULL_CONVERSION = YES;
				CLANG_WARN_OBJC_LITERAL_CONVERSION = YES;
				CLANG_WARN_OBJC_ROOT_CLASS = YES_ERROR;
				CLANG_WARN_RANGE_LOOP_ANALYSIS = YES;
				CLANG_WARN_STRICT_PROTOTYPES = YES;
				CLANG_WARN_SUSPICIOUS_MOVE = YES;
				CLANG_WARN_UNGUARDED_AVAILABILITY = YES_AGGRESSIVE;
				CLANG_WARN_UNREACHABLE_CODE = YES;
				CLANG_WARN__DUPLICATE_METHOD_MATCH = YES;
				CODE_SIGN_IDENTITY = "iPhone Developer";
				COPY_PHASE_STRIP = NO;
				DEBUG_INFORMATION_FORMAT = dwarf;
				ENABLE_STRICT_OBJC_MSGSEND = YES;
				ENABLE_TESTABILITY = YES;
				GCC_C_LANGUAGE_STANDARD = gnu11;
				GCC_DYNAMIC_NO_PIC = NO;
				GCC_NO_COMMON_BLOCKS = YES;
				GCC_OPTIMIZATION_LEVEL = 0;
				GCC_PREPROCESSOR_DEFINITIONS = (
					"DEBUG=1",
					"$(inherited)",
				);
				GCC_WARN_64_TO_32_BIT_CONVERSION = YES;
				GCC_WARN_ABOUT_RETURN_TYPE = YES_ERROR;
				GCC_WARN_UNDECLARED_SELECTOR = YES;
				GCC_WARN_UNINITIALIZED_AUTOS = YES_AGGRESSIVE;
				GCC_WARN_UNUSED_FUNCTION = YES;
				GCC_WARN_UNUSED_VARIABLE = YES;
				IPHONEOS_DEPLOYMENT_TARGET = 11.2;
				MTL_ENABLE_DEBUG_INFO = YES;
				ONLY_ACTIVE_ARCH = YES;
				SDKROOT = iphoneos;
				SWIFT_ACTIVE_COMPILATION_CONDITIONS = DEBUG;
				SWIFT_OPTIMIZATION_LEVEL = "-Onone";
			};
			name = Debug;
		};
		3A80B64B202F679400DD731E /* Release */ = {
			isa = XCBuildConfiguration;
			buildSettings = {
				ALWAYS_SEARCH_USER_PATHS = NO;
				CLANG_ANALYZER_NONNULL = YES;
				CLANG_ANALYZER_NUMBER_OBJECT_CONVERSION = YES_AGGRESSIVE;
				CLANG_CXX_LANGUAGE_STANDARD = "gnu++14";
				CLANG_CXX_LIBRARY = "libc++";
				CLANG_ENABLE_MODULES = YES;
				CLANG_ENABLE_OBJC_ARC = YES;
				CLANG_WARN_BLOCK_CAPTURE_AUTORELEASING = YES;
				CLANG_WARN_BOOL_CONVERSION = YES;
				CLANG_WARN_COMMA = YES;
				CLANG_WARN_CONSTANT_CONVERSION = YES;
				CLANG_WARN_DIRECT_OBJC_ISA_USAGE = YES_ERROR;
				CLANG_WARN_DOCUMENTATION_COMMENTS = YES;
				CLANG_WARN_EMPTY_BODY = YES;
				CLANG_WARN_ENUM_CONVERSION = YES;
				CLANG_WARN_INFINITE_RECURSION = YES;
				CLANG_WARN_INT_CONVERSION = YES;
				CLANG_WARN_NON_LITERAL_NULL_CONVERSION = YES;
				CLANG_WARN_OBJC_LITERAL_CONVERSION = YES;
				CLANG_WARN_OBJC_ROOT_CLASS = YES_ERROR;
				CLANG_WARN_RANGE_LOOP_ANALYSIS = YES;
				CLANG_WARN_STRICT_PROTOTYPES = YES;
				CLANG_WARN_SUSPICIOUS_MOVE = YES;
				CLANG_WARN_UNGUARDED_AVAILABILITY = YES_AGGRESSIVE;
				CLANG_WARN_UNREACHABLE_CODE = YES;
				CLANG_WARN__DUPLICATE_METHOD_MATCH = YES;
				CODE_SIGN_IDENTITY = "iPhone Developer";
				COPY_PHASE_STRIP = NO;
				DEBUG_INFORMATION_FORMAT = "dwarf-with-dsym";
				ENABLE_NS_ASSERTIONS = NO;
				ENABLE_STRICT_OBJC_MSGSEND = YES;
				GCC_C_LANGUAGE_STANDARD = gnu11;
				GCC_NO_COMMON_BLOCKS = YES;
				GCC_WARN_64_TO_32_BIT_CONVERSION = YES;
				GCC_WARN_ABOUT_RETURN_TYPE = YES_ERROR;
				GCC_WARN_UNDECLARED_SELECTOR = YES;
				GCC_WARN_UNINITIALIZED_AUTOS = YES_AGGRESSIVE;
				GCC_WARN_UNUSED_FUNCTION = YES;
				GCC_WARN_UNUSED_VARIABLE = YES;
				IPHONEOS_DEPLOYMENT_TARGET = 11.2;
				MTL_ENABLE_DEBUG_INFO = NO;
				SDKROOT = iphoneos;
				SWIFT_OPTIMIZATION_LEVEL = "-Owholemodule";
				VALIDATE_PRODUCT = YES;
			};
			name = Release;
		};
		3A80B64D202F679400DD731E /* Debug */ = {
			isa = XCBuildConfiguration;
			baseConfigurationReference = 9BF94C5775625E493CA4B7CE /* Pods-VideoLibrary.debug.xcconfig */;
			buildSettings = {
				ASSETCATALOG_COMPILER_APPICON_NAME = AppIcon;
				ASSETCATALOG_COMPILER_LAUNCHIMAGE_NAME = LaunchImage;
				CLANG_ENABLE_MODULES = YES;
				CODE_SIGN_STYLE = Automatic;
				DEVELOPMENT_TEAM = A5UCFNWB8C;
				INFOPLIST_FILE = VideoLibrary/Info.plist;
				IPHONEOS_DEPLOYMENT_TARGET = 11.0;
				LD_RUNPATH_SEARCH_PATHS = "$(inherited) @executable_path/Frameworks";
				PRODUCT_BUNDLE_IDENTIFIER = es.upsa.mimo.VideoLibrary;
				PRODUCT_NAME = "$(TARGET_NAME)";
				SWIFT_OBJC_BRIDGING_HEADER = "VideoLibrary/Models/VideoLibrary-Bridging-Header.h";
				SWIFT_OPTIMIZATION_LEVEL = "-Onone";
				SWIFT_VERSION = 4.0;
				TARGETED_DEVICE_FAMILY = "1,2";
			};
			name = Debug;
		};
		3A80B64E202F679400DD731E /* Release */ = {
			isa = XCBuildConfiguration;
			baseConfigurationReference = 8FE4C8167B934B745FB8FC8C /* Pods-VideoLibrary.release.xcconfig */;
			buildSettings = {
				ASSETCATALOG_COMPILER_APPICON_NAME = AppIcon;
				ASSETCATALOG_COMPILER_LAUNCHIMAGE_NAME = LaunchImage;
				CLANG_ENABLE_MODULES = YES;
				CODE_SIGN_STYLE = Automatic;
				DEVELOPMENT_TEAM = A5UCFNWB8C;
				INFOPLIST_FILE = VideoLibrary/Info.plist;
				IPHONEOS_DEPLOYMENT_TARGET = 11.0;
				LD_RUNPATH_SEARCH_PATHS = "$(inherited) @executable_path/Frameworks";
				PRODUCT_BUNDLE_IDENTIFIER = es.upsa.mimo.VideoLibrary;
				PRODUCT_NAME = "$(TARGET_NAME)";
				SWIFT_OBJC_BRIDGING_HEADER = "VideoLibrary/Models/VideoLibrary-Bridging-Header.h";
				SWIFT_VERSION = 4.0;
				TARGETED_DEVICE_FAMILY = "1,2";
			};
			name = Release;
		};
/* End XCBuildConfiguration section */

/* Begin XCConfigurationList section */
		3A80B635202F679400DD731E /* Build configuration list for PBXProject "VideoLibrary" */ = {
			isa = XCConfigurationList;
			buildConfigurations = (
				3A80B64A202F679400DD731E /* Debug */,
				3A80B64B202F679400DD731E /* Release */,
			);
			defaultConfigurationIsVisible = 0;
			defaultConfigurationName = Release;
		};
		3A80B64C202F679400DD731E /* Build configuration list for PBXNativeTarget "VideoLibrary" */ = {
			isa = XCConfigurationList;
			buildConfigurations = (
				3A80B64D202F679400DD731E /* Debug */,
				3A80B64E202F679400DD731E /* Release */,
			);
			defaultConfigurationIsVisible = 0;
			defaultConfigurationName = Release;
		};
/* End XCConfigurationList section */

/* Begin XCVersionGroup section */
		3A58CDB82051BF5600909F7F /* Favorites.xcdatamodeld */ = {
			isa = XCVersionGroup;
			children = (
				3A58CDB92051BF5600909F7F /* Favorites.xcdatamodel */,
			);
			currentVersion = 3A58CDB92051BF5600909F7F /* Favorites.xcdatamodel */;
			path = Favorites.xcdatamodeld;
			sourceTree = "<group>";
			versionGroupType = wrapper.xcdatamodel;
		};
/* End XCVersionGroup section */
	};
	rootObject = 3A80B632202F679400DD731E /* Project object */;
}
